
Microsoft Visual Studio Solution File, Format Version 12.00
# Visual Studio Version 16
VisualStudioVersion = 16.0.31005.135
MinimumVisualStudioVersion = 10.0.40219.1
Project("{FAE04EC0-301F-11D3-BF4B-00C04F79EFBC}") = "WpfTestSQL", "WpfTestSQL\WpfTestSQL.csproj", "{DD5DB46E-E676-4081-AA9E-2BC0C8E1947B}"
EndProject
Global
	GlobalSection(SolutionConfigurationPlatforms) = preSolution
		Debug|Any CPU = Debug|Any CPU
		Release|Any CPU = Release|Any CPU
	EndGlobalSection
	GlobalSection(ProjectConfigurationPlatforms) = postSolution
		{DD5DB46E-E676-4081-AA9E-2BC0C8E1947B}.Debug|Any CPU.ActiveCfg = Debug|Any CPU
		{DD5DB46E-E676-4081-AA9E-2BC0C8E1947B}.Debug|Any CPU.Build.0 = Debug|Any CPU
		{DD5DB46E-E676-4081-AA9E-2BC0C8E1947B}.Release|Any CPU.ActiveCfg = Release|Any CPU
		{DD5DB46E-E676-4081-AA9E-2BC0C8E1947B}.Release|Any CPU.Build.0 = Release|Any CPU
	EndGlobalSection
	GlobalSection(SolutionProperties) = preSolution
		HideSolutionNode = FALSE
	EndGlobalSection
	GlobalSection(ExtensibilityGlobals) = postSolution
		SolutionGuid = {7D9B09E3-C416-4F8A-BAEC-A164FCA6E2A9}
	EndGlobalSection
EndGlobal
